
Microsoft Visual Studio Solution File, Format Version 12.00
# Visual Studio Version 17
VisualStudioVersion = 17.11.35303.130
MinimumVisualStudioVersion = 10.0.40219.1
Project("{FAE04EC0-301F-11D3-BF4B-00C04F79EFBC}") = "Tarea_Libreria", "Tarea_Libreria\Tarea_Libreria.csproj", "{CA72D250-2960-478A-8A77-C54B34BB9F4E}"
EndProject
Global
	GlobalSection(SolutionConfigurationPlatforms) = preSolution
		Debug|Any CPU = Debug|Any CPU
		Release|Any CPU = Release|Any CPU
	EndGlobalSection
	GlobalSection(ProjectConfigurationPlatforms) = postSolution
		{CA72D250-2960-478A-8A77-C54B34BB9F4E}.Debug|Any CPU.ActiveCfg = Debug|Any CPU
		{CA72D250-2960-478A-8A77-C54B34BB9F4E}.Debug|Any CPU.Build.0 = Debug|Any CPU
		{CA72D250-2960-478A-8A77-C54B34BB9F4E}.Release|Any CPU.ActiveCfg = Release|Any CPU
		{CA72D250-2960-478A-8A77-C54B34BB9F4E}.Release|Any CPU.Build.0 = Release|Any CPU
	EndGlobalSection
	GlobalSection(SolutionProperties) = preSolution
		HideSolutionNode = FALSE
	EndGlobalSection
	GlobalSection(ExtensibilityGlobals) = postSolution
		SolutionGuid = {02435422-E3E0-497B-A8EF-8792A67F8029}
	EndGlobalSection
EndGlobal
